
Microsoft Visual Studio Solution File, Format Version 12.00
# Visual Studio Version 17
VisualStudioVersion = 17.2.32616.157
MinimumVisualStudioVersion = 10.0.40219.1
Project("{8BC9CEB8-8B4A-11D0-8D11-00A0C91BC942}") = "AssaultHook", "AssaultHook.vcxproj", "{A6A58993-08A1-4DC5-8C4A-20AC0F74ED5D}"
EndProject
Global
	GlobalSection(SolutionConfigurationPlatforms) = preSolution
		Debug|x64 = Debug|x64
		Debug|x86 = Debug|x86
		Release|x64 = Release|x64
		Release|x86 = Release|x86
	EndGlobalSection
	GlobalSection(ProjectConfigurationPlatforms) = postSolution
		{A6A58993-08A1-4DC5-8C4A-20AC0F74ED5D}.Debug|x64.ActiveCfg = Debug|x64
		{A6A58993-08A1-4DC5-8C4A-20AC0F74ED5D}.Debug|x64.Build.0 = Debug|x64
		{A6A58993-08A1-4DC5-8C4A-20AC0F74ED5D}.Debug|x86.ActiveCfg = Debug|Win32
		{A6A58993-08A1-4DC5-8C4A-20AC0F74ED5D}.Debug|x86.Build.0 = Debug|Win32
		{A6A58993-08A1-4DC5-8C4A-20AC0F74ED5D}.Release|x64.ActiveCfg = Release|x64
		{A6A58993-08A1-4DC5-8C4A-20AC0F74ED5D}.Release|x64.Build.0 = Release|x64
		{A6A58993-08A1-4DC5-8C4A-20AC0F74ED5D}.Release|x86.ActiveCfg = Release|Win32
		{A6A58993-08A1-4DC5-8C4A-20AC0F74ED5D}.Release|x86.Build.0 = Release|Win32
	EndGlobalSection
	GlobalSection(SolutionProperties) = preSolution
		HideSolutionNode = FALSE
	EndGlobalSection
	GlobalSection(ExtensibilityGlobals) = postSolution
		SolutionGuid = {05576018-F473-4F41-8B44-D46AFAB07E3E}
	EndGlobalSection
EndGlobal
